// !$*UTF8*$!
{
	archiveVersion = 1;
	classes = {
	};
	objectVersion = 77;
	objects = {

/* Begin PBXContainerItemProxy section */
		F634FBB12EF31328003E69FC /* PBXContainerItemProxy */ = {
			isa = PBXContainerItemProxy;
			containerPortal = F634FB9B2EF31326003E69FC /* Project object */;
			proxyType = 1;
			remoteGlobalIDString = F634FBA22EF31326003E69FC;
			remoteInfo = AcharyaPrashantDemoTask;
		};
		F634FBBB2EF31328003E69FC /* PBXContainerItemProxy */ = {
			isa = PBXContainerItemProxy;
			containerPortal = F634FB9B2EF31326003E69FC /* Project object */;
			proxyType = 1;
			remoteGlobalIDString = F634FBA22EF31326003E69FC;
			remoteInfo = AcharyaPrashantDemoTask;
		};
/* End PBXContainerItemProxy section */

/* Begin PBXFileReference section */
		F634FBA32EF31326003E69FC /* AcharyaPrashantDemoTask.app */ = {isa = PBXFileReference; explicitFileType = wrapper.application; includeInIndex = 0; path = AcharyaPrashantDemoTask.app; sourceTree = BUILT_PRODUCTS_DIR; };
		F634FBB02EF31328003E69FC /* AcharyaPrashantDemoTaskTests.xctest */ = {isa = PBXFileReference; explicitFileType = wrapper.cfbundle; includeInIndex = 0; path = AcharyaPrashantDemoTaskTests.xctest; sourceTree = BUILT_PRODUCTS_DIR; };
		F634FBBA2EF31328003E69FC /* AcharyaPrashantDemoTaskUITests.xctest */ = {isa = PBXFileReference; explicitFileType = wrapper.cfbundle; includeInIndex = 0; path = AcharyaPrashantDemoTaskUITests.xctest; sourceTree = BUILT_PRODUCTS_DIR; };
/* End PBXFileReference section */

/* Begin PBXFileSystemSynchronizedRootGroup section */
		F634FBA52EF31326003E69FC /* AcharyaPrashantDemoTask */ = {
			isa = PBXFileSystemSynchronizedRootGroup;
			path = AcharyaPrashantDemoTask;
			sourceTree = "<group>";
		};
		F634FBB32EF31328003E69FC /* AcharyaPrashantDemoTaskTests */ = {
			isa = PBXFileSystemSynchronizedRootGroup;
			path = AcharyaPrashantDemoTaskTests;
			sourceTree = "<group>";
		};
		F634FBBD2EF31328003E69FC /* AcharyaPrashantDemoTaskUITests */ = {
			isa = PBXFileSystemSynchronizedRootGroup;
			path = AcharyaPrashantDemoTaskUITests;
			sourceTree = "<group>";
		};
/* End PBXFileSystemSynchronizedRootGroup section */

/* Begin PBXFrameworksBuildPhase section */
		F634FBA02EF31326003E69FC /* Frameworks */ = {
			isa = PBXFrameworksBuildPhase;
			buildActionMask = 2147483647;
			files = (
			);
			runOnlyForDeploymentPostprocessing = 0;
		};
		F634FBAD2EF31328003E69FC /* Frameworks */ = {
			isa = PBXFrameworksBuildPhase;
			buildActionMask = 2147483647;
			files = (
			);
			runOnlyForDeploymentPostprocessing = 0;
		};
		F634FBB72EF31328003E69FC /* Frameworks */ = {
			isa = PBXFrameworksBuildPhase;
			buildActionMask = 2147483647;
			files = (
			);
			runOnlyForDeploymentPostprocessing = 0;
		};
/* End PBXFrameworksBuildPhase section */

/* Begin PBXGroup section */
		F634FB9A2EF31326003E69FC = {
			isa = PBXGroup;
			children = (
				F634FBA52EF31326003E69FC /* AcharyaPrashantDemoTask */,
				F634FBB32EF31328003E69FC /* AcharyaPrashantDemoTaskTests */,
				F634FBBD2EF31328003E69FC /* AcharyaPrashantDemoTaskUITests */,
				F634FBA42EF31326003E69FC /* Products */,
			);
			sourceTree = "<group>";
		};
		F634FBA42EF31326003E69FC /* Products */ = {
			isa = PBXGroup;
			children = (
				F634FBA32EF31326003E69FC /* AcharyaPrashantDemoTask.app */,
				F634FBB02EF31328003E69FC /* AcharyaPrashantDemoTaskTests.xctest */,
				F634FBBA2EF31328003E69FC /* AcharyaPrashantDemoTaskUITests.xctest */,
			);
			name = Products;
			sourceTree = "<group>";
		};
/* End PBXGroup section */

/* Begin PBXNativeTarget section */
		F634FBA22EF31326003E69FC /* AcharyaPrashantDemoTask */ = {
			isa = PBXNativeTarget;
			buildConfigurationList = F634FBC42EF31328003E69FC /* Build configuration list for PBXNativeTarget "AcharyaPrashantDemoTask" */;
			buildPhases = (
				F634FB9F2EF31326003E69FC /* Sources */,
				F634FBA02EF31326003E69FC /* Frameworks */,
				F634FBA12EF31326003E69FC /* Resources */,
			);
			buildRules = (
			);
			dependencies = (
			);
			fileSystemSynchronizedGroups = (
				F634FBA52EF31326003E69FC /* AcharyaPrashantDemoTask */,
			);
			name = AcharyaPrashantDemoTask;
			packageProductDependencies = (
			);
			productName = AcharyaPrashantDemoTask;
			productReference = F634FBA32EF31326003E69FC /* AcharyaPrashantDemoTask.app */;
			productType = "com.apple.product-type.application";
		};
		F634FBAF2EF31328003E69FC /* AcharyaPrashantDemoTaskTests */ = {
			isa = PBXNativeTarget;
			buildConfigurationList = F634FBC72EF31328003E69FC /* Build configuration list for PBXNativeTarget "AcharyaPrashantDemoTaskTests" */;
			buildPhases = (
				F634FBAC2EF31328003E69FC /* Sources */,
				F634FBAD2EF31328003E69FC /* Frameworks */,
				F634FBAE2EF31328003E69FC /* Resources */,
			);
			buildRules = (
			);
			dependencies = (
				F634FBB22EF31328003E69FC /* PBXTargetDependency */,
			);
			fileSystemSynchronizedGroups = (
				F634FBB32EF31328003E69FC /* AcharyaPrashantDemoTaskTests */,
			);
			name = AcharyaPrashantDemoTaskTests;
			packageProductDependencies = (
			);
			productName = AcharyaPrashantDemoTaskTests;
			productReference = F634FBB02EF31328003E69FC /* AcharyaPrashantDemoTaskTests.xctest */;
			productType = "com.apple.product-type.bundle.unit-test";
		};
		F634FBB92EF31328003E69FC /* AcharyaPrashantDemoTaskUITests */ = {
			isa = PBXNativeTarget;
			buildConfigurationList = F634FBCA2EF31328003E69FC /* Build configuration list for PBXNativeTarget "AcharyaPrashantDemoTaskUITests" */;
			buildPhases = (
				F634FBB62EF31328003E69FC /* Sources */,
				F634FBB72EF31328003E69FC /* Frameworks */,
				F634FBB82EF31328003E69FC /* Resources */,
			);
			buildRules = (
			);
			dependencies = (
				F634FBBC2EF31328003E69FC /* PBXTargetDependency */,
			);
			fileSystemSynchronizedGroups = (
				F634FBBD2EF31328003E69FC /* AcharyaPrashantDemoTaskUITests */,
			);
			name = AcharyaPrashantDemoTaskUITests;
			packageProductDependencies = (
			);
			productName = AcharyaPrashantDemoTaskUITests;
			productReference = F634FBBA2EF31328003E69FC /* AcharyaPrashantDemoTaskUITests.xctest */;
			productType = "com.apple.product-type.bundle.ui-testing";
		};
/* End PBXNativeTarget section */

/* Begin PBXProject section */
		F634FB9B2EF31326003E69FC /* Project object */ = {
			isa = PBXProject;
			attributes = {
				BuildIndependentTargetsInParallel = 1;
				LastSwiftUpdateCheck = 2610;
				LastUpgradeCheck = 2610;
				TargetAttributes = {
					F634FBA22EF31326003E69FC = {
						CreatedOnToolsVersion = 26.1.1;
					};
					F634FBAF2EF31328003E69FC = {
						CreatedOnToolsVersion = 26.1.1;
						TestTargetID = F634FBA22EF31326003E69FC;
					};
					F634FBB92EF31328003E69FC = {
						CreatedOnToolsVersion = 26.1.1;
						TestTargetID = F634FBA22EF31326003E69FC;
					};
				};
			};
			buildConfigurationList = F634FB9E2EF31326003E69FC /* Build configuration list for PBXProject "AcharyaPrashantDemoTask" */;
			developmentRegion = en;
			hasScannedForEncodings = 0;
			knownRegions = (
				en,
				Base,
			);
			mainGroup = F634FB9A2EF31326003E69FC;
			minimizedProjectReferenceProxies = 1;
			preferredProjectObjectVersion = 77;
			productRefGroup = F634FBA42EF31326003E69FC /* Products */;
			projectDirPath = "";
			projectRoot = "";
			targets = (
				F634FBA22EF31326003E69FC /* AcharyaPrashantDemoTask */,
				F634FBAF2EF31328003E69FC /* AcharyaPrashantDemoTaskTests */,
				F634FBB92EF31328003E69FC /* AcharyaPrashantDemoTaskUITests */,
			);
		};
/* End PBXProject section */

/* Begin PBXResourcesBuildPhase section */
		F634FBA12EF31326003E69FC /* Resources */ = {
			isa = PBXResourcesBuildPhase;
			buildActionMask = 2147483647;
			files = (
			);
			runOnlyForDeploymentPostprocessing = 0;
		};
		F634FBAE2EF31328003E69FC /* Resources */ = {
			isa = PBXResourcesBuildPhase;
			buildActionMask = 2147483647;
			files = (
			);
			runOnlyForDeploymentPostprocessing = 0;
		};
		F634FBB82EF31328003E69FC /* Resources */ = {
			isa = PBXResourcesBuildPhase;
			buildActionMask = 2147483647;
			files = (
			);
			runOnlyForDeploymentPostprocessing = 0;
		};
/* End PBXResourcesBuildPhase section */

/* Begin PBXSourcesBuildPhase section */
		F634FB9F2EF31326003E69FC /* Sources */ = {
			isa = PBXSourcesBuildPhase;
			buildActionMask = 2147483647;
			files = (
			);
			runOnlyForDeploymentPostprocessing = 0;
		};
		F634FBAC2EF31328003E69FC /* Sources */ = {
			isa = PBXSourcesBuildPhase;
			buildActionMask = 2147483647;
			files = (
			);
			runOnlyForDeploymentPostprocessing = 0;
		};
		F634FBB62EF31328003E69FC /* Sources */ = {
			isa = PBXSourcesBuildPhase;
			buildActionMask = 2147483647;
			files = (
			);
			runOnlyForDeploymentPostprocessing = 0;
		};
/* End PBXSourcesBuildPhase section */

/* Begin PBXTargetDependency section */
		F634FBB22EF31328003E69FC /* PBXTargetDependency */ = {
			isa = PBXTargetDependency;
			target = F634FBA22EF31326003E69FC /* AcharyaPrashantDemoTask */;
			targetProxy = F634FBB12EF31328003E69FC /* PBXContainerItemProxy */;
		};
		F634FBBC2EF31328003E69FC /* PBXTargetDependency */ = {
			isa = PBXTargetDependency;
			target = F634FBA22EF31326003E69FC /* AcharyaPrashantDemoTask */;
			targetProxy = F634FBBB2EF31328003E69FC /* PBXContainerItemProxy */;
		};
/* End PBXTargetDependency section */

/* Begin XCBuildConfiguration section */
		F634FBC22EF31328003E69FC /* Debug */ = {
			isa = XCBuildConfiguration;
			buildSettings = {
				ALWAYS_SEARCH_USER_PATHS = NO;
				ASSETCATALOG_COMPILER_GENERATE_SWIFT_ASSET_SYMBOL_EXTENSIONS = YES;
				CLANG_ANALYZER_NONNULL = YES;
				CLANG_ANALYZER_NUMBER_OBJECT_CONVERSION = YES_AGGRESSIVE;
				CLANG_CXX_LANGUAGE_STANDARD = "gnu++20";
				CLANG_ENABLE_MODULES = YES;
				CLANG_ENABLE_OBJC_ARC = YES;
				CLANG_ENABLE_OBJC_WEAK = YES;
				CLANG_WARN_BLOCK_CAPTURE_AUTORELEASING = YES;
				CLANG_WARN_BOOL_CONVERSION = YES;
				CLANG_WARN_COMMA = YES;
				CLANG_WARN_CONSTANT_CONVERSION = YES;
				CLANG_WARN_DEPRECATED_OBJC_IMPLEMENTATIONS = YES;
				CLANG_WARN_DIRECT_OBJC_ISA_USAGE = YES_ERROR;
				CLANG_WARN_DOCUMENTATION_COMMENTS = YES;
				CLANG_WARN_EMPTY_BODY = YES;
				CLANG_WARN_ENUM_CONVERSION = YES;
				CLANG_WARN_INFINITE_RECURSION = YES;
				CLANG_WARN_INT_CONVERSION = YES;
				CLANG_WARN_NON_LITERAL_NULL_CONVERSION = YES;
				CLANG_WARN_OBJC_IMPLICIT_RETAIN_SELF = YES;
				CLANG_WARN_OBJC_LITERAL_CONVERSION = YES;
				CLANG_WARN_OBJC_ROOT_CLASS = YES_ERROR;
				CLANG_WARN_QUOTED_INCLUDE_IN_FRAMEWORK_HEADER = YES;
				CLANG_WARN_RANGE_LOOP_ANALYSIS = YES;
				CLANG_WARN_STRICT_PROTOTYPES = YES;
				CLANG_WARN_SUSPICIOUS_MOVE = YES;
				CLANG_WARN_UNGUARDED_AVAILABILITY = YES_AGGRESSIVE;
				CLANG_WARN_UNREACHABLE_CODE = YES;
				CLANG_WARN__DUPLICATE_METHOD_MATCH = YES;
				COPY_PHASE_STRIP = NO;
				DEBUG_INFORMATION_FORMAT = dwarf;
				DEVELOPMENT_TEAM = ZBBZ6K6ZJT;
				ENABLE_STRICT_OBJC_MSGSEND = YES;
				ENABLE_TESTABILITY = YES;
				ENABLE_USER_SCRIPT_SANDBOXING = YES;
				GCC_C_LANGUAGE_STANDARD = gnu17;
				GCC_DYNAMIC_NO_PIC = NO;
				GCC_NO_COMMON_BLOCKS = YES;
				GCC_OPTIMIZATION_LEVEL = 0;
				GCC_PREPROCESSOR_DEFINITIONS = (
					"DEBUG=1",
					"$(inherited)",
				);
				GCC_WARN_64_TO_32_BIT_CONVERSION = YES;
				GCC_WARN_ABOUT_RETURN_TYPE = YES_ERROR;
				GCC_WARN_UNDECLARED_SELECTOR = YES;
				GCC_WARN_UNINITIALIZED_AUTOS = YES_AGGRESSIVE;
				GCC_WARN_UNUSED_FUNCTION = YES;
				GCC_WARN_UNUSED_VARIABLE = YES;
				IPHONEOS_DEPLOYMENT_TARGET = 26.1;
				LOCALIZATION_PREFERS_STRING_CATALOGS = YES;
				MTL_ENABLE_DEBUG_INFO = INCLUDE_SOURCE;
				MTL_FAST_MATH = YES;
				ONLY_ACTIVE_ARCH = YES;
				SDKROOT = iphoneos;
				SWIFT_ACTIVE_COMPILATION_CONDITIONS = "DEBUG $(inherited)";
				SWIFT_OPTIMIZATION_LEVEL = "-Onone";
			};
			name = Debug;
		};
		F634FBC32EF31328003E69FC /* Release */ = {
			isa = XCBuildConfiguration;
			buildSettings = {
				ALWAYS_SEARCH_USER_PATHS = NO;
				ASSETCATALOG_COMPILER_GENERATE_SWIFT_ASSET_SYMBOL_EXTENSIONS = YES;
				CLANG_ANALYZER_NONNULL = YES;
				CLANG_ANALYZER_NUMBER_OBJECT_CONVERSION = YES_AGGRESSIVE;
				CLANG_CXX_LANGUAGE_STANDARD = "gnu++20";
				CLANG_ENABLE_MODULES = YES;
				CLANG_ENABLE_OBJC_ARC = YES;
				CLANG_ENABLE_OBJC_WEAK = YES;
				CLANG_WARN_BLOCK_CAPTURE_AUTORELEASING = YES;
				CLANG_WARN_BOOL_CONVERSION = YES;
				CLANG_WARN_COMMA = YES;
				CLANG_WARN_CONSTANT_CONVERSION = YES;
				CLANG_WARN_DEPRECATED_OBJC_IMPLEMENTATIONS = YES;
				CLANG_WARN_DIRECT_OBJC_ISA_USAGE = YES_ERROR;
				CLANG_WARN_DOCUMENTATION_COMMENTS = YES;
				CLANG_WARN_EMPTY_BODY = YES;
				CLANG_WARN_ENUM_CONVERSION = YES;
				CLANG_WARN_INFINITE_RECURSION = YES;
				CLANG_WARN_INT_CONVERSION = YES;
				CLANG_WARN_NON_LITERAL_NULL_CONVERSION = YES;
				CLANG_WARN_OBJC_IMPLICIT_RETAIN_SELF = YES;
				CLANG_WARN_OBJC_LITERAL_CONVERSION = YES;
				CLANG_WARN_OBJC_ROOT_CLASS = YES_ERROR;
				CLANG_WARN_QUOTED_INCLUDE_IN_FRAMEWORK_HEADER = YES;
				CLANG_WARN_RANGE_LOOP_ANALYSIS = YES;
				CLANG_WARN_STRICT_PROTOTYPES = YES;
				CLANG_WARN_SUSPICIOUS_MOVE = YES;
				CLANG_WARN_UNGUARDED_AVAILABILITY = YES_AGGRESSIVE;
				CLANG_WARN_UNREACHABLE_CODE = YES;
				CLANG_WARN__DUPLICATE_METHOD_MATCH = YES;
				COPY_PHASE_STRIP = NO;
				DEBUG_INFORMATION_FORMAT = "dwarf-with-dsym";
				DEVELOPMENT_TEAM = ZBBZ6K6ZJT;
				ENABLE_NS_ASSERTIONS = NO;
				ENABLE_STRICT_OBJC_MSGSEND = YES;
				ENABLE_USER_SCRIPT_SANDBOXING = YES;
				GCC_C_LANGUAGE_STANDARD = gnu17;
				GCC_NO_COMMON_BLOCKS = YES;
				GCC_WARN_64_TO_32_BIT_CONVERSION = YES;
				GCC_WARN_ABOUT_RETURN_TYPE = YES_ERROR;
				GCC_WARN_UNDECLARED_SELECTOR = YES;
				GCC_WARN_UNINITIALIZED_AUTOS = YES_AGGRESSIVE;
				GCC_WARN_UNUSED_FUNCTION = YES;
				GCC_WARN_UNUSED_VARIABLE = YES;
				IPHONEOS_DEPLOYMENT_TARGET = 26.1;
				LOCALIZATION_PREFERS_STRING_CATALOGS = YES;
				MTL_ENABLE_DEBUG_INFO = NO;
				MTL_FAST_MATH = YES;
				SDKROOT = iphoneos;
				SWIFT_COMPILATION_MODE = wholemodule;
				VALIDATE_PRODUCT = YES;
			};
			name = Release;
		};
		F634FBC52EF31328003E69FC /* Debug */ = {
			isa = XCBuildConfiguration;
			buildSettings = {
				ASSETCATALOG_COMPILER_APPICON_NAME = AppIcon;
				ASSETCATALOG_COMPILER_GLOBAL_ACCENT_COLOR_NAME = AccentColor;
				CODE_SIGN_STYLE = Automatic;
				CURRENT_PROJECT_VERSION = 1;
				DEVELOPMENT_TEAM = ZBBZ6K6ZJT;
				ENABLE_PREVIEWS = YES;
				GENERATE_INFOPLIST_FILE = YES;
				INFOPLIST_KEY_UIApplicationSceneManifest_Generation = YES;
				INFOPLIST_KEY_UIApplicationSupportsIndirectInputEvents = YES;
				INFOPLIST_KEY_UILaunchScreen_Generation = YES;
				INFOPLIST_KEY_UISupportedInterfaceOrientations_iPad = "UIInterfaceOrientationPortrait UIInterfaceOrientationPortraitUpsideDown UIInterfaceOrientationLandscapeLeft UIInterfaceOrientationLandscapeRight";
				INFOPLIST_KEY_UISupportedInterfaceOrientations_iPhone = "UIInterfaceOrientationPortrait UIInterfaceOrientationLandscapeLeft UIInterfaceOrientationLandscapeRight";
				LD_RUNPATH_SEARCH_PATHS = (
					"$(inherited)",
					"@executable_path/Frameworks",
				);
				MARKETING_VERSION = 1.0;
				PRODUCT_BUNDLE_IDENTIFIER = AcharyaPrashantDemoTask.AcharyaPrashantDemoTask;
				PRODUCT_NAME = "$(TARGET_NAME)";
				STRING_CATALOG_GENERATE_SYMBOLS = YES;
				SWIFT_APPROACHABLE_CONCURRENCY = YES;
				SWIFT_DEFAULT_ACTOR_ISOLATION = MainActor;
				SWIFT_EMIT_LOC_STRINGS = YES;
				SWIFT_UPCOMING_FEATURE_MEMBER_IMPORT_VISIBILITY = YES;
				SWIFT_VERSION = 5.0;
				TARGETED_DEVICE_FAMILY = "1,2";
			};
			name = Debug;
		};
		F634FBC62EF31328003E69FC /* Release */ = {
			isa = XCBuildConfiguration;
			buildSettings = {
				ASSETCATALOG_COMPILER_APPICON_NAME = AppIcon;
				ASSETCATALOG_COMPILER_GLOBAL_ACCENT_COLOR_NAME = AccentColor;
				CODE_SIGN_STYLE = Automatic;
				CURRENT_PROJECT_VERSION = 1;
				DEVELOPMENT_TEAM = ZBBZ6K6ZJT;
				ENABLE_PREVIEWS = YES;
				GENERATE_INFOPLIST_FILE = YES;
				INFOPLIST_KEY_UIApplicationSceneManifest_Generation = YES;
				INFOPLIST_KEY_UIApplicationSupportsIndirectInputEvents = YES;
				INFOPLIST_KEY_UILaunchScreen_Generation = YES;
				INFOPLIST_KEY_UISupportedInterfaceOrientations_iPad = "UIInterfaceOrientationPortrait UIInterfaceOrientationPortraitUpsideDown UIInterfaceOrientationLandscapeLeft UIInterfaceOrientationLandscapeRight";
				INFOPLIST_KEY_UISupportedInterfaceOrientations_iPhone = "UIInterfaceOrientationPortrait UIInterfaceOrientationLandscapeLeft UIInterfaceOrientationLandscapeRight";
				LD_RUNPATH_SEARCH_PATHS = (
					"$(inherited)",
					"@executable_path/Frameworks",
				);
				MARKETING_VERSION = 1.0;
				PRODUCT_BUNDLE_IDENTIFIER = AcharyaPrashantDemoTask.AcharyaPrashantDemoTask;
				PRODUCT_NAME = "$(TARGET_NAME)";
				STRING_CATALOG_GENERATE_SYMBOLS = YES;
				SWIFT_APPROACHABLE_CONCURRENCY = YES;
				SWIFT_DEFAULT_ACTOR_ISOLATION = MainActor;
				SWIFT_EMIT_LOC_STRINGS = YES;
				SWIFT_UPCOMING_FEATURE_MEMBER_IMPORT_VISIBILITY = YES;
				SWIFT_VERSION = 5.0;
				TARGETED_DEVICE_FAMILY = "1,2";
			};
			name = Release;
		};
		F634FBC82EF31328003E69FC /* Debug */ = {
			isa = XCBuildConfiguration;
			buildSettings = {
				BUNDLE_LOADER = "$(TEST_HOST)";
				CODE_SIGN_STYLE = Automatic;
				CURRENT_PROJECT_VERSION = 1;
				DEVELOPMENT_TEAM = ZBBZ6K6ZJT;
				GENERATE_INFOPLIST_FILE = YES;
				IPHONEOS_DEPLOYMENT_TARGET = 26.1;
				MARKETING_VERSION = 1.0;
				PRODUCT_BUNDLE_IDENTIFIER = AcharyaPrashantDemoTask.AcharyaPrashantDemoTaskTests;
				PRODUCT_NAME = "$(TARGET_NAME)";
				STRING_CATALOG_GENERATE_SYMBOLS = NO;
				SWIFT_APPROACHABLE_CONCURRENCY = YES;
				SWIFT_EMIT_LOC_STRINGS = NO;
				SWIFT_UPCOMING_FEATURE_MEMBER_IMPORT_VISIBILITY = YES;
				SWIFT_VERSION = 5.0;
				TARGETED_DEVICE_FAMILY = "1,2";
				TEST_HOST = "$(BUILT_PRODUCTS_DIR)/AcharyaPrashantDemoTask.app/$(BUNDLE_EXECUTABLE_FOLDER_PATH)/AcharyaPrashantDemoTask";
			};
			name = Debug;
		};
		F634FBC92EF31328003E69FC /* Release */ = {
			isa = XCBuildConfiguration;
			buildSettings = {
				BUNDLE_LOADER = "$(TEST_HOST)";
				CODE_SIGN_STYLE = Automatic;
				CURRENT_PROJECT_VERSION = 1;
				DEVELOPMENT_TEAM = ZBBZ6K6ZJT;
				GENERATE_INFOPLIST_FILE = YES;
				IPHONEOS_DEPLOYMENT_TARGET = 26.1;
				MARKETING_VERSION = 1.0;
				PRODUCT_BUNDLE_IDENTIFIER = AcharyaPrashantDemoTask.AcharyaPrashantDemoTaskTests;
				PRODUCT_NAME = "$(TARGET_NAME)";
				STRING_CATALOG_GENERATE_SYMBOLS = NO;
				SWIFT_APPROACHABLE_CONCURRENCY = YES;
				SWIFT_EMIT_LOC_STRINGS = NO;
				SWIFT_UPCOMING_FEATURE_MEMBER_IMPORT_VISIBILITY = YES;
				SWIFT_VERSION = 5.0;
				TARGETED_DEVICE_FAMILY = "1,2";
				TEST_HOST = "$(BUILT_PRODUCTS_DIR)/AcharyaPrashantDemoTask.app/$(BUNDLE_EXECUTABLE_FOLDER_PATH)/AcharyaPrashantDemoTask";
			};
			name = Release;
		};
		F634FBCB2EF31328003E69FC /* Debug */ = {
			isa = XCBuildConfiguration;
			buildSettings = {
				CODE_SIGN_STYLE = Automatic;
				CURRENT_PROJECT_VERSION = 1;
				DEVELOPMENT_TEAM = ZBBZ6K6ZJT;
				GENERATE_INFOPLIST_FILE = YES;
				MARKETING_VERSION = 1.0;
				PRODUCT_BUNDLE_IDENTIFIER = AcharyaPrashantDemoTask.AcharyaPrashantDemoTaskUITests;
				PRODUCT_NAME = "$(TARGET_NAME)";
				STRING_CATALOG_GENERATE_SYMBOLS = NO;
				SWIFT_APPROACHABLE_CONCURRENCY = YES;
				SWIFT_EMIT_LOC_STRINGS = NO;
				SWIFT_UPCOMING_FEATURE_MEMBER_IMPORT_VISIBILITY = YES;
				SWIFT_VERSION = 5.0;
				TARGETED_DEVICE_FAMILY = "1,2";
				TEST_TARGET_NAME = AcharyaPrashantDemoTask;
			};
			name = Debug;
		};
		F634FBCC2EF31328003E69FC /* Release */ = {
			isa = XCBuildConfiguration;
			buildSettings = {
				CODE_SIGN_STYLE = Automatic;
				CURRENT_PROJECT_VERSION = 1;
				DEVELOPMENT_TEAM = ZBBZ6K6ZJT;
				GENERATE_INFOPLIST_FILE = YES;
				MARKETING_VERSION = 1.0;
				PRODUCT_BUNDLE_IDENTIFIER = AcharyaPrashantDemoTask.AcharyaPrashantDemoTaskUITests;
				PRODUCT_NAME = "$(TARGET_NAME)";
				STRING_CATALOG_GENERATE_SYMBOLS = NO;
				SWIFT_APPROACHABLE_CONCURRENCY = YES;
				SWIFT_EMIT_LOC_STRINGS = NO;
				SWIFT_UPCOMING_FEATURE_MEMBER_IMPORT_VISIBILITY = YES;
				SWIFT_VERSION = 5.0;
				TARGETED_DEVICE_FAMILY = "1,2";
				TEST_TARGET_NAME = AcharyaPrashantDemoTask;
			};
			name = Release;
		};
/* End XCBuildConfiguration section */

/* Begin XCConfigurationList section */
		F634FB9E2EF31326003E69FC /* Build configuration list for PBXProject "AcharyaPrashantDemoTask" */ = {
			isa = XCConfigurationList;
			buildConfigurations = (
				F634FBC22EF31328003E69FC /* Debug */,
				F634FBC32EF31328003E69FC /* Release */,
			);
			defaultConfigurationIsVisible = 0;
			defaultConfigurationName = Release;
		};
		F634FBC42EF31328003E69FC /* Build configuration list for PBXNativeTarget "AcharyaPrashantDemoTask" */ = {
			isa = XCConfigurationList;
			buildConfigurations = (
				F634FBC52EF31328003E69FC /* Debug */,
				F634FBC62EF31328003E69FC /* Release */,
			);
			defaultConfigurationIsVisible = 0;
			defaultConfigurationName = Release;
		};
		F634FBC72EF31328003E69FC /* Build configuration list for PBXNativeTarget "AcharyaPrashantDemoTaskTests" */ = {
			isa = XCConfigurationList;
			buildConfigurations = (
				F634FBC82EF31328003E69FC /* Debug */,
				F634FBC92EF31328003E69FC /* Release */,
			);
			defaultConfigurationIsVisible = 0;
			defaultConfigurationName = Release;
		};
		F634FBCA2EF31328003E69FC /* Build configuration list for PBXNativeTarget "AcharyaPrashantDemoTaskUITests" */ = {
			isa = XCConfigurationList;
			buildConfigurations = (
				F634FBCB2EF31328003E69FC /* Debug */,
				F634FBCC2EF31328003E69FC /* Release */,
			);
			defaultConfigurationIsVisible = 0;
			defaultConfigurationName = Release;
		};
/* End XCConfigurationList section */
	};
	rootObject = F634FB9B2EF31326003E69FC /* Project object */;
}
